
Microsoft Visual Studio Solution File, Format Version 12.00
# Visual Studio Version 17
VisualStudioVersion = 17.0.32126.317
MinimumVisualStudioVersion = 10.0.40219.1
Project("{9A19103F-16F7-4668-BE54-9A1E7A4F7556}") = "MeteoClient", "MeteoClient\MeteoClient.csproj", "{55E6F6A9-1A51-445F-BA27-0DA7A048D386}"
EndProject
Project("{FAE04EC0-301F-11D3-BF4B-00C04F79EFBC}") = "MeteoClient.DependencyInjection", "MeteoClient.DependencyInjection\MeteoClient.DependencyInjection.csproj", "{BD8D0FC1-5FF6-4783-9393-56905B0BE95E}"
EndProject
Global
	GlobalSection(SolutionConfigurationPlatforms) = preSolution
		Debug|Any CPU = Debug|Any CPU
		Release|Any CPU = Release|Any CPU
	EndGlobalSection
	GlobalSection(ProjectConfigurationPlatforms) = postSolution
		{55E6F6A9-1A51-445F-BA27-0DA7A048D386}.Debug|Any CPU.ActiveCfg = Debug|Any CPU
		{55E6F6A9-1A51-445F-BA27-0DA7A048D386}.Debug|Any CPU.Build.0 = Debug|Any CPU
		{55E6F6A9-1A51-445F-BA27-0DA7A048D386}.Release|Any CPU.ActiveCfg = Release|Any CPU
		{55E6F6A9-1A51-445F-BA27-0DA7A048D386}.Release|Any CPU.Build.0 = Release|Any CPU
		{BD8D0FC1-5FF6-4783-9393-56905B0BE95E}.Debug|Any CPU.ActiveCfg = Debug|Any CPU
		{BD8D0FC1-5FF6-4783-9393-56905B0BE95E}.Debug|Any CPU.Build.0 = Debug|Any CPU
		{BD8D0FC1-5FF6-4783-9393-56905B0BE95E}.Release|Any CPU.ActiveCfg = Release|Any CPU
		{BD8D0FC1-5FF6-4783-9393-56905B0BE95E}.Release|Any CPU.Build.0 = Release|Any CPU
	EndGlobalSection
	GlobalSection(SolutionProperties) = preSolution
		HideSolutionNode = FALSE
	EndGlobalSection
	GlobalSection(ExtensibilityGlobals) = postSolution
		SolutionGuid = {A4D87551-DADD-450F-9732-E206E971959E}
	EndGlobalSection
EndGlobal
