
Microsoft Visual Studio Solution File, Format Version 12.00
# Visual Studio Version 17
VisualStudioVersion = 17.0.32126.317
MinimumVisualStudioVersion = 10.0.40219.1
Project("{FAE04EC0-301F-11D3-BF4B-00C04F79EFBC}") = "BarManager.Core.APIClient.Test", "BarManager.Core.APIClient.Test\BarManager.Core.APIClient.Test.csproj", "{CD9865E0-19F7-48E9-827C-00112F999D40}"
EndProject
Project("{9A19103F-16F7-4668-BE54-9A1E7A4F7556}") = "BarApplication.APIClient.DependencyInjection", "..\..\src\BarApplication.APIClient\BarApplication.APIClient.DependencyInjection\BarApplication.APIClient.DependencyInjection.csproj", "{E881EC7F-5C45-4A21-B96B-85A5145F2E20}"
EndProject
Global
	GlobalSection(SolutionConfigurationPlatforms) = preSolution
		Debug|Any CPU = Debug|Any CPU
		Release|Any CPU = Release|Any CPU
	EndGlobalSection
	GlobalSection(ProjectConfigurationPlatforms) = postSolution
		{CD9865E0-19F7-48E9-827C-00112F999D40}.Debug|Any CPU.ActiveCfg = Debug|Any CPU
		{CD9865E0-19F7-48E9-827C-00112F999D40}.Debug|Any CPU.Build.0 = Debug|Any CPU
		{CD9865E0-19F7-48E9-827C-00112F999D40}.Release|Any CPU.ActiveCfg = Release|Any CPU
		{CD9865E0-19F7-48E9-827C-00112F999D40}.Release|Any CPU.Build.0 = Release|Any CPU
		{E881EC7F-5C45-4A21-B96B-85A5145F2E20}.Debug|Any CPU.ActiveCfg = Debug|Any CPU
		{E881EC7F-5C45-4A21-B96B-85A5145F2E20}.Debug|Any CPU.Build.0 = Debug|Any CPU
		{E881EC7F-5C45-4A21-B96B-85A5145F2E20}.Release|Any CPU.ActiveCfg = Release|Any CPU
		{E881EC7F-5C45-4A21-B96B-85A5145F2E20}.Release|Any CPU.Build.0 = Release|Any CPU
	EndGlobalSection
	GlobalSection(SolutionProperties) = preSolution
		HideSolutionNode = FALSE
	EndGlobalSection
	GlobalSection(ExtensibilityGlobals) = postSolution
		SolutionGuid = {46D51BFE-E2A7-4718-AF4F-B06E50A0E543}
	EndGlobalSection
EndGlobal
